
Microsoft Visual Studio Solution File, Format Version 12.00
# Visual Studio Version 17
VisualStudioVersion = 17.0.31903.59
MinimumVisualStudioVersion = 10.0.40219.1
Project("{FAE04EC0-301F-11D3-BF4B-00C04F79EFBC}") = "CarDexBackend.Domain", "CarDexBackend.Domain\CarDexBackend.Domain.csproj", "{62A5C960-CBD3-49B2-98D6-C8CFB74E9326}"
EndProject
Project("{2150E333-8FDC-42A3-9474-1A3956D46DE8}") = "tests", "tests", "{684A4178-D55D-4F5F-B766-0F524D9FED58}"
EndProject
Project("{2150E333-8FDC-42A3-9474-1A3956D46DE8}") = "UnitTests", "UnitTests", "{AD39CCD6-447C-4DFD-AAE2-D1F845F87759}"
EndProject
Project("{FAE04EC0-301F-11D3-BF4B-00C04F79EFBC}") = "CarDexBackend.UnitTests.Domain", "tests\UnitTests\CarDexBackend.UnitTests.Domain\CarDexBackend.UnitTests.Domain.csproj", "{38ED0EC0-2625-4313-81D1-0E6AC5DD1C60}"
EndProject
Project("{2150E333-8FDC-42A3-9474-1A3956D46DE8}") = "Shared", "Shared", "{C4D166B0-DB37-406A-BC9A-5B2D85A9AAED}"
EndProject
Project("{FAE04EC0-301F-11D3-BF4B-00C04F79EFBC}") = "CarDexBackend.Dtos", "Shared\CarDexBackend.Dtos\CarDexBackend.Dtos.csproj", "{0E228523-8E08-4A95-89AD-EFB728976203}"
EndProject
Project("{FAE04EC0-301F-11D3-BF4B-00C04F79EFBC}") = "CarDexBackend.Services", "CarDexBackend.Services\CarDexBackend.Services.csproj", "{534ED8B4-0517-42C0-AD54-FEC582EA70C7}"
EndProject
Project("{FAE04EC0-301F-11D3-BF4B-00C04F79EFBC}") = "CarDexBackend.Api", "CarDexBackend.Api\CarDexBackend.Api.csproj", "{18E155AA-22BA-41B9-8D78-5A90FDC78DCB}"
EndProject
Project("{FAE04EC0-301F-11D3-BF4B-00C04F79EFBC}") = "CarDexBackend.UnitTests.Api", "tests\UnitTests\CarDexBackend.UnitTests.Api\CarDexBackend.UnitTests.Api.csproj", "{D8D9D8E7-3351-4119-BA9D-970E560A8B40}"
EndProject
Project("{2150E333-8FDC-42A3-9474-1A3956D46DE8}") = "IntegrationTests", "IntegrationTests", "{B121F141-DB47-430F-9287-582D2146B217}"
EndProject
Project("{FAE04EC0-301F-11D3-BF4B-00C04F79EFBC}") = "CarDexBackend.IntegrationTests.Services", "tests\IntegrationTests\CarDexBackend.IntegrationTests.Services\CarDexBackend.IntegrationTests.Services.csproj", "{F4BF99D0-B544-4F0E-9801-8D88823C9805}"
EndProject
Project("{FAE04EC0-301F-11D3-BF4B-00C04F79EFBC}") = "CarDexBackend.Repository", "CarDexBackend.Repository\CarDexBackend.Repository.csproj", "{67A256CD-A741-4F93-8D40-0AD9ECD48676}"
EndProject
Global
	GlobalSection(SolutionConfigurationPlatforms) = preSolution
		Debug|Any CPU = Debug|Any CPU
		Debug|x64 = Debug|x64
		Debug|x86 = Debug|x86
		Release|Any CPU = Release|Any CPU
		Release|x64 = Release|x64
		Release|x86 = Release|x86
	EndGlobalSection
	GlobalSection(ProjectConfigurationPlatforms) = postSolution
		{62A5C960-CBD3-49B2-98D6-C8CFB74E9326}.Debug|Any CPU.ActiveCfg = Debug|Any CPU
		{62A5C960-CBD3-49B2-98D6-C8CFB74E9326}.Debug|Any CPU.Build.0 = Debug|Any CPU
		{62A5C960-CBD3-49B2-98D6-C8CFB74E9326}.Debug|x64.ActiveCfg = Debug|Any CPU
		{62A5C960-CBD3-49B2-98D6-C8CFB74E9326}.Debug|x64.Build.0 = Debug|Any CPU
		{62A5C960-CBD3-49B2-98D6-C8CFB74E9326}.Debug|x86.ActiveCfg = Debug|Any CPU
		{62A5C960-CBD3-49B2-98D6-C8CFB74E9326}.Debug|x86.Build.0 = Debug|Any CPU
		{62A5C960-CBD3-49B2-98D6-C8CFB74E9326}.Release|Any CPU.ActiveCfg = Release|Any CPU
		{62A5C960-CBD3-49B2-98D6-C8CFB74E9326}.Release|Any CPU.Build.0 = Release|Any CPU
		{62A5C960-CBD3-49B2-98D6-C8CFB74E9326}.Release|x64.ActiveCfg = Release|Any CPU
		{62A5C960-CBD3-49B2-98D6-C8CFB74E9326}.Release|x64.Build.0 = Release|Any CPU
		{62A5C960-CBD3-49B2-98D6-C8CFB74E9326}.Release|x86.ActiveCfg = Release|Any CPU
		{62A5C960-CBD3-49B2-98D6-C8CFB74E9326}.Release|x86.Build.0 = Release|Any CPU
		{38ED0EC0-2625-4313-81D1-0E6AC5DD1C60}.Debug|Any CPU.ActiveCfg = Debug|Any CPU
		{38ED0EC0-2625-4313-81D1-0E6AC5DD1C60}.Debug|Any CPU.Build.0 = Debug|Any CPU
		{38ED0EC0-2625-4313-81D1-0E6AC5DD1C60}.Debug|x64.ActiveCfg = Debug|Any CPU
		{38ED0EC0-2625-4313-81D1-0E6AC5DD1C60}.Debug|x64.Build.0 = Debug|Any CPU
		{38ED0EC0-2625-4313-81D1-0E6AC5DD1C60}.Debug|x86.ActiveCfg = Debug|Any CPU
		{38ED0EC0-2625-4313-81D1-0E6AC5DD1C60}.Debug|x86.Build.0 = Debug|Any CPU
		{38ED0EC0-2625-4313-81D1-0E6AC5DD1C60}.Release|Any CPU.ActiveCfg = Release|Any CPU
		{38ED0EC0-2625-4313-81D1-0E6AC5DD1C60}.Release|Any CPU.Build.0 = Release|Any CPU
		{38ED0EC0-2625-4313-81D1-0E6AC5DD1C60}.Release|x64.ActiveCfg = Release|Any CPU
		{38ED0EC0-2625-4313-81D1-0E6AC5DD1C60}.Release|x64.Build.0 = Release|Any CPU
		{38ED0EC0-2625-4313-81D1-0E6AC5DD1C60}.Release|x86.ActiveCfg = Release|Any CPU
		{38ED0EC0-2625-4313-81D1-0E6AC5DD1C60}.Release|x86.Build.0 = Release|Any CPU
		{0E228523-8E08-4A95-89AD-EFB728976203}.Debug|Any CPU.ActiveCfg = Debug|Any CPU
		{0E228523-8E08-4A95-89AD-EFB728976203}.Debug|Any CPU.Build.0 = Debug|Any CPU
		{0E228523-8E08-4A95-89AD-EFB728976203}.Debug|x64.ActiveCfg = Debug|Any CPU
		{0E228523-8E08-4A95-89AD-EFB728976203}.Debug|x64.Build.0 = Debug|Any CPU
		{0E228523-8E08-4A95-89AD-EFB728976203}.Debug|x86.ActiveCfg = Debug|Any CPU
		{0E228523-8E08-4A95-89AD-EFB728976203}.Debug|x86.Build.0 = Debug|Any CPU
		{0E228523-8E08-4A95-89AD-EFB728976203}.Release|Any CPU.ActiveCfg = Release|Any CPU
		{0E228523-8E08-4A95-89AD-EFB728976203}.Release|Any CPU.Build.0 = Release|Any CPU
		{0E228523-8E08-4A95-89AD-EFB728976203}.Release|x64.ActiveCfg = Release|Any CPU
		{0E228523-8E08-4A95-89AD-EFB728976203}.Release|x64.Build.0 = Release|Any CPU
		{0E228523-8E08-4A95-89AD-EFB728976203}.Release|x86.ActiveCfg = Release|Any CPU
		{0E228523-8E08-4A95-89AD-EFB728976203}.Release|x86.Build.0 = Release|Any CPU
		{534ED8B4-0517-42C0-AD54-FEC582EA70C7}.Debug|Any CPU.ActiveCfg = Debug|Any CPU
		{534ED8B4-0517-42C0-AD54-FEC582EA70C7}.Debug|Any CPU.Build.0 = Debug|Any CPU
		{534ED8B4-0517-42C0-AD54-FEC582EA70C7}.Debug|x64.ActiveCfg = Debug|Any CPU
		{534ED8B4-0517-42C0-AD54-FEC582EA70C7}.Debug|x64.Build.0 = Debug|Any CPU
		{534ED8B4-0517-42C0-AD54-FEC582EA70C7}.Debug|x86.ActiveCfg = Debug|Any CPU
		{534ED8B4-0517-42C0-AD54-FEC582EA70C7}.Debug|x86.Build.0 = Debug|Any CPU
		{534ED8B4-0517-42C0-AD54-FEC582EA70C7}.Release|Any CPU.ActiveCfg = Release|Any CPU
		{534ED8B4-0517-42C0-AD54-FEC582EA70C7}.Release|Any CPU.Build.0 = Release|Any CPU
		{534ED8B4-0517-42C0-AD54-FEC582EA70C7}.Release|x64.ActiveCfg = Release|Any CPU
		{534ED8B4-0517-42C0-AD54-FEC582EA70C7}.Release|x64.Build.0 = Release|Any CPU
		{534ED8B4-0517-42C0-AD54-FEC582EA70C7}.Release|x86.ActiveCfg = Release|Any CPU
		{534ED8B4-0517-42C0-AD54-FEC582EA70C7}.Release|x86.Build.0 = Release|Any CPU
		{18E155AA-22BA-41B9-8D78-5A90FDC78DCB}.Debug|Any CPU.ActiveCfg = Debug|Any CPU
		{18E155AA-22BA-41B9-8D78-5A90FDC78DCB}.Debug|Any CPU.Build.0 = Debug|Any CPU
		{18E155AA-22BA-41B9-8D78-5A90FDC78DCB}.Debug|x64.ActiveCfg = Debug|Any CPU
		{18E155AA-22BA-41B9-8D78-5A90FDC78DCB}.Debug|x64.Build.0 = Debug|Any CPU
		{18E155AA-22BA-41B9-8D78-5A90FDC78DCB}.Debug|x86.ActiveCfg = Debug|Any CPU
		{18E155AA-22BA-41B9-8D78-5A90FDC78DCB}.Debug|x86.Build.0 = Debug|Any CPU
		{18E155AA-22BA-41B9-8D78-5A90FDC78DCB}.Release|Any CPU.ActiveCfg = Release|Any CPU
		{18E155AA-22BA-41B9-8D78-5A90FDC78DCB}.Release|Any CPU.Build.0 = Release|Any CPU
		{18E155AA-22BA-41B9-8D78-5A90FDC78DCB}.Release|x64.ActiveCfg = Release|Any CPU
		{18E155AA-22BA-41B9-8D78-5A90FDC78DCB}.Release|x64.Build.0 = Release|Any CPU
		{18E155AA-22BA-41B9-8D78-5A90FDC78DCB}.Release|x86.ActiveCfg = Release|Any CPU
		{18E155AA-22BA-41B9-8D78-5A90FDC78DCB}.Release|x86.Build.0 = Release|Any CPU
		{9D7E9C16-9DFB-4DEF-B2A5-AB573678702B}.Debug|Any CPU.ActiveCfg = Debug|Any CPU
		{9D7E9C16-9DFB-4DEF-B2A5-AB573678702B}.Debug|Any CPU.Build.0 = Debug|Any CPU
		{9D7E9C16-9DFB-4DEF-B2A5-AB573678702B}.Debug|x64.ActiveCfg = Debug|Any CPU
		{9D7E9C16-9DFB-4DEF-B2A5-AB573678702B}.Debug|x64.Build.0 = Debug|Any CPU
		{9D7E9C16-9DFB-4DEF-B2A5-AB573678702B}.Debug|x86.ActiveCfg = Debug|Any CPU
		{9D7E9C16-9DFB-4DEF-B2A5-AB573678702B}.Debug|x86.Build.0 = Debug|Any CPU
		{9D7E9C16-9DFB-4DEF-B2A5-AB573678702B}.Release|Any CPU.ActiveCfg = Release|Any CPU
		{9D7E9C16-9DFB-4DEF-B2A5-AB573678702B}.Release|Any CPU.Build.0 = Release|Any CPU
		{9D7E9C16-9DFB-4DEF-B2A5-AB573678702B}.Release|x64.ActiveCfg = Release|Any CPU
		{9D7E9C16-9DFB-4DEF-B2A5-AB573678702B}.Release|x64.Build.0 = Release|Any CPU
		{9D7E9C16-9DFB-4DEF-B2A5-AB573678702B}.Release|x86.ActiveCfg = Release|Any CPU
		{9D7E9C16-9DFB-4DEF-B2A5-AB573678702B}.Release|x86.Build.0 = Release|Any CPU
		{D8D9D8E7-3351-4119-BA9D-970E560A8B40}.Debug|Any CPU.ActiveCfg = Debug|Any CPU
		{D8D9D8E7-3351-4119-BA9D-970E560A8B40}.Debug|Any CPU.Build.0 = Debug|Any CPU
		{D8D9D8E7-3351-4119-BA9D-970E560A8B40}.Debug|x64.ActiveCfg = Debug|Any CPU
		{D8D9D8E7-3351-4119-BA9D-970E560A8B40}.Debug|x64.Build.0 = Debug|Any CPU
		{D8D9D8E7-3351-4119-BA9D-970E560A8B40}.Debug|x86.ActiveCfg = Debug|Any CPU
		{D8D9D8E7-3351-4119-BA9D-970E560A8B40}.Debug|x86.Build.0 = Debug|Any CPU
		{D8D9D8E7-3351-4119-BA9D-970E560A8B40}.Release|Any CPU.ActiveCfg = Release|Any CPU
		{D8D9D8E7-3351-4119-BA9D-970E560A8B40}.Release|Any CPU.Build.0 = Release|Any CPU
		{D8D9D8E7-3351-4119-BA9D-970E560A8B40}.Release|x64.ActiveCfg = Release|Any CPU
		{D8D9D8E7-3351-4119-BA9D-970E560A8B40}.Release|x64.Build.0 = Release|Any CPU
		{D8D9D8E7-3351-4119-BA9D-970E560A8B40}.Release|x86.ActiveCfg = Release|Any CPU
		{D8D9D8E7-3351-4119-BA9D-970E560A8B40}.Release|x86.Build.0 = Release|Any CPU
		{F4BF99D0-B544-4F0E-9801-8D88823C9805}.Debug|Any CPU.ActiveCfg = Debug|Any CPU
		{F4BF99D0-B544-4F0E-9801-8D88823C9805}.Debug|Any CPU.Build.0 = Debug|Any CPU
		{F4BF99D0-B544-4F0E-9801-8D88823C9805}.Debug|x64.ActiveCfg = Debug|Any CPU
		{F4BF99D0-B544-4F0E-9801-8D88823C9805}.Debug|x64.Build.0 = Debug|Any CPU
		{F4BF99D0-B544-4F0E-9801-8D88823C9805}.Debug|x86.ActiveCfg = Debug|Any CPU
		{F4BF99D0-B544-4F0E-9801-8D88823C9805}.Debug|x86.Build.0 = Debug|Any CPU
		{F4BF99D0-B544-4F0E-9801-8D88823C9805}.Release|Any CPU.ActiveCfg = Release|Any CPU
		{F4BF99D0-B544-4F0E-9801-8D88823C9805}.Release|Any CPU.Build.0 = Release|Any CPU
		{F4BF99D0-B544-4F0E-9801-8D88823C9805}.Release|x64.ActiveCfg = Release|Any CPU
		{F4BF99D0-B544-4F0E-9801-8D88823C9805}.Release|x64.Build.0 = Release|Any CPU
		{F4BF99D0-B544-4F0E-9801-8D88823C9805}.Release|x86.ActiveCfg = Release|Any CPU
		{F4BF99D0-B544-4F0E-9801-8D88823C9805}.Release|x86.Build.0 = Release|Any CPU
		{67A256CD-A741-4F93-8D40-0AD9ECD48676}.Debug|Any CPU.ActiveCfg = Debug|Any CPU
		{67A256CD-A741-4F93-8D40-0AD9ECD48676}.Debug|Any CPU.Build.0 = Debug|Any CPU
		{67A256CD-A741-4F93-8D40-0AD9ECD48676}.Debug|x64.ActiveCfg = Debug|Any CPU
		{67A256CD-A741-4F93-8D40-0AD9ECD48676}.Debug|x64.Build.0 = Debug|Any CPU
		{67A256CD-A741-4F93-8D40-0AD9ECD48676}.Debug|x86.ActiveCfg = Debug|Any CPU
		{67A256CD-A741-4F93-8D40-0AD9ECD48676}.Debug|x86.Build.0 = Debug|Any CPU
		{67A256CD-A741-4F93-8D40-0AD9ECD48676}.Release|Any CPU.ActiveCfg = Release|Any CPU
		{67A256CD-A741-4F93-8D40-0AD9ECD48676}.Release|Any CPU.Build.0 = Release|Any CPU
		{67A256CD-A741-4F93-8D40-0AD9ECD48676}.Release|x64.ActiveCfg = Release|Any CPU
		{67A256CD-A741-4F93-8D40-0AD9ECD48676}.Release|x64.Build.0 = Release|Any CPU
		{67A256CD-A741-4F93-8D40-0AD9ECD48676}.Release|x86.ActiveCfg = Release|Any CPU
		{67A256CD-A741-4F93-8D40-0AD9ECD48676}.Release|x86.Build.0 = Release|Any CPU
	EndGlobalSection
	GlobalSection(SolutionProperties) = preSolution
		HideSolutionNode = FALSE
	EndGlobalSection
	GlobalSection(NestedProjects) = preSolution
		{AD39CCD6-447C-4DFD-AAE2-D1F845F87759} = {684A4178-D55D-4F5F-B766-0F524D9FED58}
		{38ED0EC0-2625-4313-81D1-0E6AC5DD1C60} = {AD39CCD6-447C-4DFD-AAE2-D1F845F87759}
		{0E228523-8E08-4A95-89AD-EFB728976203} = {C4D166B0-DB37-406A-BC9A-5B2D85A9AAED}
		{D8D9D8E7-3351-4119-BA9D-970E560A8B40} = {AD39CCD6-447C-4DFD-AAE2-D1F845F87759}
		{B121F141-DB47-430F-9287-582D2146B217} = {684A4178-D55D-4F5F-B766-0F524D9FED58}
		{F4BF99D0-B544-4F0E-9801-8D88823C9805} = {B121F141-DB47-430F-9287-582D2146B217}
	EndGlobalSection
EndGlobal
